
Microsoft Visual Studio Solution File, Format Version 12.00
# Visual Studio 15
VisualStudioVersion = 15.0.27130.2036
MinimumVisualStudioVersion = 10.0.40219.1
Project("{FAE04EC0-301F-11D3-BF4B-00C04F79EFBC}") = "Aula-2018-09-12", "Aula-2018-09-12\Aula-2018-09-12.csproj", "{75238DF7-28EF-41E6-A53B-0F3BA0D0F214}"
EndProject
Project("{FAE04EC0-301F-11D3-BF4B-00C04F79EFBC}") = "Aula-2018-09-18", "Aula-2018-09-18\Aula-2018-09-18.csproj", "{C6601471-7EC7-4FEE-903F-5A241B08BAAE}"
EndProject
Project("{FAE04EC0-301F-11D3-BF4B-00C04F79EFBC}") = "Aula-2018-09-19", "Aula-2018-09-19\Aula-2018-09-19.csproj", "{7C8CD631-D4C6-47D6-B0E8-DF20D820FDD9}"
EndProject
Project("{FAE04EC0-301F-11D3-BF4B-00C04F79EFBC}") = "SynchUtils", "SynchUtils\SynchUtils.csproj", "{04B6AE69-6134-4D8C-8170-A6ED7E684ABB}"
EndProject
Project("{FAE04EC0-301F-11D3-BF4B-00C04F79EFBC}") = "Aula-2018-09-25", "Aula-2018-09-25\Aula-2018-09-25.csproj", "{99D3294D-A90F-40DC-8B36-4051713C555B}"
EndProject
Project("{FAE04EC0-301F-11D3-BF4B-00C04F79EFBC}") = "Aula-2018-10-09", "Aula-2018-10-09\Aula-2018-10-09.csproj", "{8807CD1D-1EAB-4B04-9893-6580046C5FFB}"
EndProject
Project("{FAE04EC0-301F-11D3-BF4B-00C04F79EFBC}") = "Aula-2018-10-10", "Aula-2018-10-10\Aula-2018-10-10.csproj", "{E50CFE31-66CE-4BC7-9B59-742A0ACDB473}"
EndProject
Project("{FAE04EC0-301F-11D3-BF4B-00C04F79EFBC}") = "Aula-2018-10-16", "Aula-2018-10-16\Aula-2018-10-16.csproj", "{5E984B4A-2F32-452B-89ED-C01D8028F42A}"
EndProject
Project("{FAE04EC0-301F-11D3-BF4B-00C04F79EFBC}") = "Aula-2018-10-24", "Aula-2018-10-24\Aula-2018-10-24.csproj", "{D1CE582E-82DB-4740-BC98-CA64CCB4DA10}"
EndProject
Project("{FAE04EC0-301F-11D3-BF4B-00C04F79EFBC}") = "Aula-2018-10-30", "Aula-2018-10-30\Aula-2018-10-30.csproj", "{9EF60EAA-141C-4A3A-A492-3CE640CACA9A}"
EndProject
Project("{FAE04EC0-301F-11D3-BF4B-00C04F79EFBC}") = "Aula-2018-10-31", "Aula-2018-10-31\Aula-2018-10-31.csproj", "{870B2A0B-310F-45F5-9B06-43AF205F857F}"
EndProject
Project("{FAE04EC0-301F-11D3-BF4B-00C04F79EFBC}") = "ThreadUtils", "ThreadUtils\ThreadUtils.csproj", "{9D289730-31BB-4CBE-BBC1-248DBEA61BCF}"
EndProject
Project("{9A19103F-16F7-4668-BE54-9A1E7A4F7556}") = "Aula-2018-11-14", "Aula-2018-11-14\Aula-2018-11-14.csproj", "{6EA69043-752B-4D81-AA38-10BB0BF095FF}"
EndProject
Project("{FAE04EC0-301F-11D3-BF4B-00C04F79EFBC}") = "Aula-2018-11-21", "Aula-2018-11-21\Aula-2018-11-21.csproj", "{7D0BC4D3-7C1F-4C3A-97E6-A52995ED32B0}"
EndProject
Project("{2150E333-8FDC-42A3-9474-1A3956D46DE8}") = "Exercícios", "Exercícios", "{3EAEE2E4-EE90-4AA0-ADF5-B1253165B27C}"
EndProject
Project("{2150E333-8FDC-42A3-9474-1A3956D46DE8}") = "Série2", "Série2", "{0C297594-703D-4C05-A27E-9B1BBABA9D65}"
EndProject
Project("{FAE04EC0-301F-11D3-BF4B-00C04F79EFBC}") = "UnsafeSemaphore", "UnsafeSemaphore\UnsafeSemaphore.csproj", "{92768B84-90F0-4757-9E5D-F370AD2151EA}"
EndProject
Project("{FAE04EC0-301F-11D3-BF4B-00C04F79EFBC}") = "UnsafeCyclicBarrier", "UnsafeCyclicBarrier\UnsafeCyclicBarrier.csproj", "{27FE2843-922E-477F-B1C2-5521AFD0B60E}"
EndProject
Project("{FAE04EC0-301F-11D3-BF4B-00C04F79EFBC}") = "UnsafeReentrantLock", "UnsafeReentrantLock\UnsafeReentrantLock.csproj", "{D74E6863-E82F-4066-9A80-58696D604FA9}"
EndProject
Project("{FAE04EC0-301F-11D3-BF4B-00C04F79EFBC}") = "UnsafeSpinLazy", "UnsafeSpinLazy\UnsafeSpinLazy.csproj", "{D024FA1D-4EF4-426C-8E6B-2F4CC41AD8C7}"
EndProject
Project("{2150E333-8FDC-42A3-9474-1A3956D46DE8}") = "Tests", "Tests", "{BD86D8C6-151D-4482-B491-E3DA5221123E}"
EndProject
Project("{FAE04EC0-301F-11D3-BF4B-00C04F79EFBC}") = "SeriesSynchTests", "SeriesSynchTests\SeriesSynchTests.csproj", "{3188ADE4-A626-4C3D-8450-301BA4E58BFF}"
EndProject
Project("{FAE04EC0-301F-11D3-BF4B-00C04F79EFBC}") = "Aula-2018-11-20", "Aula-2018-11-20\Aula-2018-11-20.csproj", "{BD1DB0DC-337D-45FF-A2AB-2F17D8F5ED33}"
EndProject
Project("{FAE04EC0-301F-11D3-BF4B-00C04F79EFBC}") = "Aula-2018-11-13", "Aula-2018-11-13\Aula-2018-11-13.csproj", "{2BE86DC9-E511-4B03-AD1C-010D10212345}"
EndProject
Project("{FAE04EC0-301F-11D3-BF4B-00C04F79EFBC}") = "Aula-2018-11-27", "Aula-2018-11-27\Aula-2018-11-27.csproj", "{CF7DB9AA-3DB7-46B1-B7E0-86E6AFB6C05F}"
EndProject
Project("{FAE04EC0-301F-11D3-BF4B-00C04F79EFBC}") = "AsyncUtils", "AsyncUtils\AsyncUtils.csproj", "{892441A9-8E64-465D-B7F3-60C622E49959}"
EndProject
Project("{FAE04EC0-301F-11D3-BF4B-00C04F79EFBC}") = "Aula-2018-11-28", "Aula-2018-11-28\Aula-2018-11-28.csproj", "{BBC8FEB0-6E07-49BE-BABD-DED80F9E90B6}"
EndProject
Project("{FAE04EC0-301F-11D3-BF4B-00C04F79EFBC}") = "Aula-2018-12-04", "Aula-2018-12-04\Aula-2018-12-04.csproj", "{464B1FAF-E033-4954-AA1A-18E9CC4D96F2}"
EndProject
Project("{FAE04EC0-301F-11D3-BF4B-00C04F79EFBC}") = "Aula-2018-12-05", "Aula-2018-12-05\Aula-2018-12-05.csproj", "{1CBF1A43-ACE9-40FF-B039-CD14EF75F50D}"
EndProject
Project("{FAE04EC0-301F-11D3-BF4B-00C04F79EFBC}") = "PrimesChecker", "PrimesChecker\PrimesChecker.csproj", "{F8FB22F8-7313-4292-B0D0-994D1426AA56}"
EndProject
Project("{FAE04EC0-301F-11D3-BF4B-00C04F79EFBC}") = "Asynchronizers", "Asynchronizers\Asynchronizers.csproj", "{C9249888-9EE3-4BA9-A211-3B5B7DAEAC7D}"
EndProject
Project("{FAE04EC0-301F-11D3-BF4B-00C04F79EFBC}") = "Aula-2018-12-11", "Aula-2018-12-11\Aula-2018-12-11.csproj", "{F44C8373-31F8-4CE6-B8DD-56BED6989A16}"
EndProject
Project("{FAE04EC0-301F-11D3-BF4B-00C04F79EFBC}") = "Aula-2018-12-12", "Aula-2018-12-12\Aula-2018-12-12.csproj", "{C946BCC6-BEA0-429E-8353-3F7A31D904F1}"
EndProject
Project("{FAE04EC0-301F-11D3-BF4B-00C04F79EFBC}") = "Exams", "Exams\Exams.csproj", "{9A668335-1A94-4107-8CF5-65EE6267EB61}"
EndProject
Global
	GlobalSection(SolutionConfigurationPlatforms) = preSolution
		Debug|Any CPU = Debug|Any CPU
		Release|Any CPU = Release|Any CPU
	EndGlobalSection
	GlobalSection(ProjectConfigurationPlatforms) = postSolution
		{75238DF7-28EF-41E6-A53B-0F3BA0D0F214}.Debug|Any CPU.ActiveCfg = Debug|Any CPU
		{75238DF7-28EF-41E6-A53B-0F3BA0D0F214}.Debug|Any CPU.Build.0 = Debug|Any CPU
		{75238DF7-28EF-41E6-A53B-0F3BA0D0F214}.Release|Any CPU.ActiveCfg = Release|Any CPU
		{75238DF7-28EF-41E6-A53B-0F3BA0D0F214}.Release|Any CPU.Build.0 = Release|Any CPU
		{C6601471-7EC7-4FEE-903F-5A241B08BAAE}.Debug|Any CPU.ActiveCfg = Debug|Any CPU
		{C6601471-7EC7-4FEE-903F-5A241B08BAAE}.Debug|Any CPU.Build.0 = Debug|Any CPU
		{C6601471-7EC7-4FEE-903F-5A241B08BAAE}.Release|Any CPU.ActiveCfg = Release|Any CPU
		{C6601471-7EC7-4FEE-903F-5A241B08BAAE}.Release|Any CPU.Build.0 = Release|Any CPU
		{7C8CD631-D4C6-47D6-B0E8-DF20D820FDD9}.Debug|Any CPU.ActiveCfg = Debug|Any CPU
		{7C8CD631-D4C6-47D6-B0E8-DF20D820FDD9}.Debug|Any CPU.Build.0 = Debug|Any CPU
		{7C8CD631-D4C6-47D6-B0E8-DF20D820FDD9}.Release|Any CPU.ActiveCfg = Release|Any CPU
		{7C8CD631-D4C6-47D6-B0E8-DF20D820FDD9}.Release|Any CPU.Build.0 = Release|Any CPU
		{04B6AE69-6134-4D8C-8170-A6ED7E684ABB}.Debug|Any CPU.ActiveCfg = Debug|Any CPU
		{04B6AE69-6134-4D8C-8170-A6ED7E684ABB}.Debug|Any CPU.Build.0 = Debug|Any CPU
		{04B6AE69-6134-4D8C-8170-A6ED7E684ABB}.Release|Any CPU.ActiveCfg = Release|Any CPU
		{04B6AE69-6134-4D8C-8170-A6ED7E684ABB}.Release|Any CPU.Build.0 = Release|Any CPU
		{99D3294D-A90F-40DC-8B36-4051713C555B}.Debug|Any CPU.ActiveCfg = Debug|Any CPU
		{99D3294D-A90F-40DC-8B36-4051713C555B}.Debug|Any CPU.Build.0 = Debug|Any CPU
		{99D3294D-A90F-40DC-8B36-4051713C555B}.Release|Any CPU.ActiveCfg = Release|Any CPU
		{99D3294D-A90F-40DC-8B36-4051713C555B}.Release|Any CPU.Build.0 = Release|Any CPU
		{8807CD1D-1EAB-4B04-9893-6580046C5FFB}.Debug|Any CPU.ActiveCfg = Debug|Any CPU
		{8807CD1D-1EAB-4B04-9893-6580046C5FFB}.Debug|Any CPU.Build.0 = Debug|Any CPU
		{8807CD1D-1EAB-4B04-9893-6580046C5FFB}.Release|Any CPU.ActiveCfg = Release|Any CPU
		{8807CD1D-1EAB-4B04-9893-6580046C5FFB}.Release|Any CPU.Build.0 = Release|Any CPU
		{E50CFE31-66CE-4BC7-9B59-742A0ACDB473}.Debug|Any CPU.ActiveCfg = Debug|Any CPU
		{E50CFE31-66CE-4BC7-9B59-742A0ACDB473}.Debug|Any CPU.Build.0 = Debug|Any CPU
		{E50CFE31-66CE-4BC7-9B59-742A0ACDB473}.Release|Any CPU.ActiveCfg = Release|Any CPU
		{E50CFE31-66CE-4BC7-9B59-742A0ACDB473}.Release|Any CPU.Build.0 = Release|Any CPU
		{5E984B4A-2F32-452B-89ED-C01D8028F42A}.Debug|Any CPU.ActiveCfg = Debug|Any CPU
		{5E984B4A-2F32-452B-89ED-C01D8028F42A}.Debug|Any CPU.Build.0 = Debug|Any CPU
		{5E984B4A-2F32-452B-89ED-C01D8028F42A}.Release|Any CPU.ActiveCfg = Release|Any CPU
		{5E984B4A-2F32-452B-89ED-C01D8028F42A}.Release|Any CPU.Build.0 = Release|Any CPU
		{D1CE582E-82DB-4740-BC98-CA64CCB4DA10}.Debug|Any CPU.ActiveCfg = Release|Any CPU
		{D1CE582E-82DB-4740-BC98-CA64CCB4DA10}.Debug|Any CPU.Build.0 = Release|Any CPU
		{D1CE582E-82DB-4740-BC98-CA64CCB4DA10}.Release|Any CPU.ActiveCfg = Release|Any CPU
		{D1CE582E-82DB-4740-BC98-CA64CCB4DA10}.Release|Any CPU.Build.0 = Release|Any CPU
		{9EF60EAA-141C-4A3A-A492-3CE640CACA9A}.Debug|Any CPU.ActiveCfg = Debug|Any CPU
		{9EF60EAA-141C-4A3A-A492-3CE640CACA9A}.Debug|Any CPU.Build.0 = Debug|Any CPU
		{9EF60EAA-141C-4A3A-A492-3CE640CACA9A}.Release|Any CPU.ActiveCfg = Release|Any CPU
		{9EF60EAA-141C-4A3A-A492-3CE640CACA9A}.Release|Any CPU.Build.0 = Release|Any CPU
		{870B2A0B-310F-45F5-9B06-43AF205F857F}.Debug|Any CPU.ActiveCfg = Debug|Any CPU
		{870B2A0B-310F-45F5-9B06-43AF205F857F}.Debug|Any CPU.Build.0 = Debug|Any CPU
		{870B2A0B-310F-45F5-9B06-43AF205F857F}.Release|Any CPU.ActiveCfg = Release|Any CPU
		{870B2A0B-310F-45F5-9B06-43AF205F857F}.Release|Any CPU.Build.0 = Release|Any CPU
		{9D289730-31BB-4CBE-BBC1-248DBEA61BCF}.Debug|Any CPU.ActiveCfg = Debug|Any CPU
		{9D289730-31BB-4CBE-BBC1-248DBEA61BCF}.Debug|Any CPU.Build.0 = Debug|Any CPU
		{9D289730-31BB-4CBE-BBC1-248DBEA61BCF}.Release|Any CPU.ActiveCfg = Release|Any CPU
		{9D289730-31BB-4CBE-BBC1-248DBEA61BCF}.Release|Any CPU.Build.0 = Release|Any CPU
		{6EA69043-752B-4D81-AA38-10BB0BF095FF}.Debug|Any CPU.ActiveCfg = Debug|Any CPU
		{6EA69043-752B-4D81-AA38-10BB0BF095FF}.Debug|Any CPU.Build.0 = Debug|Any CPU
		{6EA69043-752B-4D81-AA38-10BB0BF095FF}.Release|Any CPU.ActiveCfg = Release|Any CPU
		{6EA69043-752B-4D81-AA38-10BB0BF095FF}.Release|Any CPU.Build.0 = Release|Any CPU
		{7D0BC4D3-7C1F-4C3A-97E6-A52995ED32B0}.Debug|Any CPU.ActiveCfg = Release|Any CPU
		{7D0BC4D3-7C1F-4C3A-97E6-A52995ED32B0}.Debug|Any CPU.Build.0 = Release|Any CPU
		{7D0BC4D3-7C1F-4C3A-97E6-A52995ED32B0}.Release|Any CPU.ActiveCfg = Release|Any CPU
		{7D0BC4D3-7C1F-4C3A-97E6-A52995ED32B0}.Release|Any CPU.Build.0 = Release|Any CPU
		{92768B84-90F0-4757-9E5D-F370AD2151EA}.Debug|Any CPU.ActiveCfg = Debug|Any CPU
		{92768B84-90F0-4757-9E5D-F370AD2151EA}.Debug|Any CPU.Build.0 = Debug|Any CPU
		{92768B84-90F0-4757-9E5D-F370AD2151EA}.Release|Any CPU.ActiveCfg = Release|Any CPU
		{92768B84-90F0-4757-9E5D-F370AD2151EA}.Release|Any CPU.Build.0 = Release|Any CPU
		{27FE2843-922E-477F-B1C2-5521AFD0B60E}.Debug|Any CPU.ActiveCfg = Debug|Any CPU
		{27FE2843-922E-477F-B1C2-5521AFD0B60E}.Debug|Any CPU.Build.0 = Debug|Any CPU
		{27FE2843-922E-477F-B1C2-5521AFD0B60E}.Release|Any CPU.ActiveCfg = Release|Any CPU
		{27FE2843-922E-477F-B1C2-5521AFD0B60E}.Release|Any CPU.Build.0 = Release|Any CPU
		{D74E6863-E82F-4066-9A80-58696D604FA9}.Debug|Any CPU.ActiveCfg = Debug|Any CPU
		{D74E6863-E82F-4066-9A80-58696D604FA9}.Debug|Any CPU.Build.0 = Debug|Any CPU
		{D74E6863-E82F-4066-9A80-58696D604FA9}.Release|Any CPU.ActiveCfg = Release|Any CPU
		{D74E6863-E82F-4066-9A80-58696D604FA9}.Release|Any CPU.Build.0 = Release|Any CPU
		{D024FA1D-4EF4-426C-8E6B-2F4CC41AD8C7}.Debug|Any CPU.ActiveCfg = Debug|Any CPU
		{D024FA1D-4EF4-426C-8E6B-2F4CC41AD8C7}.Debug|Any CPU.Build.0 = Debug|Any CPU
		{D024FA1D-4EF4-426C-8E6B-2F4CC41AD8C7}.Release|Any CPU.ActiveCfg = Release|Any CPU
		{D024FA1D-4EF4-426C-8E6B-2F4CC41AD8C7}.Release|Any CPU.Build.0 = Release|Any CPU
		{3188ADE4-A626-4C3D-8450-301BA4E58BFF}.Debug|Any CPU.ActiveCfg = Debug|Any CPU
		{3188ADE4-A626-4C3D-8450-301BA4E58BFF}.Debug|Any CPU.Build.0 = Debug|Any CPU
		{3188ADE4-A626-4C3D-8450-301BA4E58BFF}.Release|Any CPU.ActiveCfg = Release|Any CPU
		{3188ADE4-A626-4C3D-8450-301BA4E58BFF}.Release|Any CPU.Build.0 = Release|Any CPU
		{BD1DB0DC-337D-45FF-A2AB-2F17D8F5ED33}.Debug|Any CPU.ActiveCfg = Release|Any CPU
		{BD1DB0DC-337D-45FF-A2AB-2F17D8F5ED33}.Debug|Any CPU.Build.0 = Release|Any CPU
		{BD1DB0DC-337D-45FF-A2AB-2F17D8F5ED33}.Release|Any CPU.ActiveCfg = Release|Any CPU
		{BD1DB0DC-337D-45FF-A2AB-2F17D8F5ED33}.Release|Any CPU.Build.0 = Release|Any CPU
		{2BE86DC9-E511-4B03-AD1C-010D10212345}.Debug|Any CPU.ActiveCfg = Debug|Any CPU
		{2BE86DC9-E511-4B03-AD1C-010D10212345}.Debug|Any CPU.Build.0 = Debug|Any CPU
		{2BE86DC9-E511-4B03-AD1C-010D10212345}.Release|Any CPU.ActiveCfg = Release|Any CPU
		{2BE86DC9-E511-4B03-AD1C-010D10212345}.Release|Any CPU.Build.0 = Release|Any CPU
		{CF7DB9AA-3DB7-46B1-B7E0-86E6AFB6C05F}.Debug|Any CPU.ActiveCfg = Debug|Any CPU
		{CF7DB9AA-3DB7-46B1-B7E0-86E6AFB6C05F}.Debug|Any CPU.Build.0 = Debug|Any CPU
		{CF7DB9AA-3DB7-46B1-B7E0-86E6AFB6C05F}.Release|Any CPU.ActiveCfg = Release|Any CPU
		{CF7DB9AA-3DB7-46B1-B7E0-86E6AFB6C05F}.Release|Any CPU.Build.0 = Release|Any CPU
		{892441A9-8E64-465D-B7F3-60C622E49959}.Debug|Any CPU.ActiveCfg = Debug|Any CPU
		{892441A9-8E64-465D-B7F3-60C622E49959}.Debug|Any CPU.Build.0 = Debug|Any CPU
		{892441A9-8E64-465D-B7F3-60C622E49959}.Release|Any CPU.ActiveCfg = Release|Any CPU
		{892441A9-8E64-465D-B7F3-60C622E49959}.Release|Any CPU.Build.0 = Release|Any CPU
		{BBC8FEB0-6E07-49BE-BABD-DED80F9E90B6}.Debug|Any CPU.ActiveCfg = Debug|Any CPU
		{BBC8FEB0-6E07-49BE-BABD-DED80F9E90B6}.Debug|Any CPU.Build.0 = Debug|Any CPU
		{BBC8FEB0-6E07-49BE-BABD-DED80F9E90B6}.Release|Any CPU.ActiveCfg = Release|Any CPU
		{BBC8FEB0-6E07-49BE-BABD-DED80F9E90B6}.Release|Any CPU.Build.0 = Release|Any CPU
		{464B1FAF-E033-4954-AA1A-18E9CC4D96F2}.Debug|Any CPU.ActiveCfg = Debug|Any CPU
		{464B1FAF-E033-4954-AA1A-18E9CC4D96F2}.Debug|Any CPU.Build.0 = Debug|Any CPU
		{464B1FAF-E033-4954-AA1A-18E9CC4D96F2}.Release|Any CPU.ActiveCfg = Release|Any CPU
		{464B1FAF-E033-4954-AA1A-18E9CC4D96F2}.Release|Any CPU.Build.0 = Release|Any CPU
		{1CBF1A43-ACE9-40FF-B039-CD14EF75F50D}.Debug|Any CPU.ActiveCfg = Debug|Any CPU
		{1CBF1A43-ACE9-40FF-B039-CD14EF75F50D}.Debug|Any CPU.Build.0 = Debug|Any CPU
		{1CBF1A43-ACE9-40FF-B039-CD14EF75F50D}.Release|Any CPU.ActiveCfg = Release|Any CPU
		{1CBF1A43-ACE9-40FF-B039-CD14EF75F50D}.Release|Any CPU.Build.0 = Release|Any CPU
		{F8FB22F8-7313-4292-B0D0-994D1426AA56}.Debug|Any CPU.ActiveCfg = Debug|Any CPU
		{F8FB22F8-7313-4292-B0D0-994D1426AA56}.Debug|Any CPU.Build.0 = Debug|Any CPU
		{F8FB22F8-7313-4292-B0D0-994D1426AA56}.Release|Any CPU.ActiveCfg = Release|Any CPU
		{F8FB22F8-7313-4292-B0D0-994D1426AA56}.Release|Any CPU.Build.0 = Release|Any CPU
		{C9249888-9EE3-4BA9-A211-3B5B7DAEAC7D}.Debug|Any CPU.ActiveCfg = Debug|Any CPU
		{C9249888-9EE3-4BA9-A211-3B5B7DAEAC7D}.Debug|Any CPU.Build.0 = Debug|Any CPU
		{C9249888-9EE3-4BA9-A211-3B5B7DAEAC7D}.Release|Any CPU.ActiveCfg = Release|Any CPU
		{C9249888-9EE3-4BA9-A211-3B5B7DAEAC7D}.Release|Any CPU.Build.0 = Release|Any CPU
		{F44C8373-31F8-4CE6-B8DD-56BED6989A16}.Debug|Any CPU.ActiveCfg = Debug|Any CPU
		{F44C8373-31F8-4CE6-B8DD-56BED6989A16}.Debug|Any CPU.Build.0 = Debug|Any CPU
		{F44C8373-31F8-4CE6-B8DD-56BED6989A16}.Release|Any CPU.ActiveCfg = Release|Any CPU
		{F44C8373-31F8-4CE6-B8DD-56BED6989A16}.Release|Any CPU.Build.0 = Release|Any CPU
		{C946BCC6-BEA0-429E-8353-3F7A31D904F1}.Debug|Any CPU.ActiveCfg = Debug|Any CPU
		{C946BCC6-BEA0-429E-8353-3F7A31D904F1}.Debug|Any CPU.Build.0 = Debug|Any CPU
		{C946BCC6-BEA0-429E-8353-3F7A31D904F1}.Release|Any CPU.ActiveCfg = Release|Any CPU
		{C946BCC6-BEA0-429E-8353-3F7A31D904F1}.Release|Any CPU.Build.0 = Release|Any CPU
		{9A668335-1A94-4107-8CF5-65EE6267EB61}.Debug|Any CPU.ActiveCfg = Debug|Any CPU
		{9A668335-1A94-4107-8CF5-65EE6267EB61}.Debug|Any CPU.Build.0 = Debug|Any CPU
		{9A668335-1A94-4107-8CF5-65EE6267EB61}.Release|Any CPU.ActiveCfg = Release|Any CPU
		{9A668335-1A94-4107-8CF5-65EE6267EB61}.Release|Any CPU.Build.0 = Release|Any CPU
	EndGlobalSection
	GlobalSection(SolutionProperties) = preSolution
		HideSolutionNode = FALSE
	EndGlobalSection
	GlobalSection(NestedProjects) = preSolution
		{0C297594-703D-4C05-A27E-9B1BBABA9D65} = {3EAEE2E4-EE90-4AA0-ADF5-B1253165B27C}
		{92768B84-90F0-4757-9E5D-F370AD2151EA} = {0C297594-703D-4C05-A27E-9B1BBABA9D65}
		{27FE2843-922E-477F-B1C2-5521AFD0B60E} = {0C297594-703D-4C05-A27E-9B1BBABA9D65}
		{D74E6863-E82F-4066-9A80-58696D604FA9} = {0C297594-703D-4C05-A27E-9B1BBABA9D65}
		{D024FA1D-4EF4-426C-8E6B-2F4CC41AD8C7} = {0C297594-703D-4C05-A27E-9B1BBABA9D65}
		{BD86D8C6-151D-4482-B491-E3DA5221123E} = {0C297594-703D-4C05-A27E-9B1BBABA9D65}
		{3188ADE4-A626-4C3D-8450-301BA4E58BFF} = {BD86D8C6-151D-4482-B491-E3DA5221123E}
	EndGlobalSection
	GlobalSection(ExtensibilityGlobals) = postSolution
		SolutionGuid = {91350F71-57D4-4173-B67B-0877FD9BEDD9}
	EndGlobalSection
EndGlobal
