
Microsoft Visual Studio Solution File, Format Version 12.00
# Visual Studio 15
VisualStudioVersion = 15.0.27130.2036
MinimumVisualStudioVersion = 10.0.40219.1
Project("{FAE04EC0-301F-11D3-BF4B-00C04F79EFBC}") = "Aula-2018-09-12", "Aula-2018-09-12\Aula-2018-09-12.csproj", "{75238DF7-28EF-41E6-A53B-0F3BA0D0F214}"
EndProject
Project("{FAE04EC0-301F-11D3-BF4B-00C04F79EFBC}") = "Aula-2018-09-18", "Aula-2018-09-18\Aula-2018-09-18.csproj", "{C6601471-7EC7-4FEE-903F-5A241B08BAAE}"
EndProject
Project("{FAE04EC0-301F-11D3-BF4B-00C04F79EFBC}") = "Aula-2018-09-19", "Aula-2018-09-19\Aula-2018-09-19.csproj", "{7C8CD631-D4C6-47D6-B0E8-DF20D820FDD9}"
EndProject
Project("{FAE04EC0-301F-11D3-BF4B-00C04F79EFBC}") = "SynchUtils", "SynchUtils\SynchUtils.csproj", "{04B6AE69-6134-4D8C-8170-A6ED7E684ABB}"
EndProject
Project("{FAE04EC0-301F-11D3-BF4B-00C04F79EFBC}") = "Aula-2018-09-25", "Aula-2018-09-25\Aula-2018-09-25.csproj", "{99D3294D-A90F-40DC-8B36-4051713C555B}"
EndProject
Project("{FAE04EC0-301F-11D3-BF4B-00C04F79EFBC}") = "Aula-2018-10-09", "Aula-2018-10-09\Aula-2018-10-09.csproj", "{8807CD1D-1EAB-4B04-9893-6580046C5FFB}"
EndProject
Global
	GlobalSection(SolutionConfigurationPlatforms) = preSolution
		Debug|Any CPU = Debug|Any CPU
		Release|Any CPU = Release|Any CPU
	EndGlobalSection
	GlobalSection(ProjectConfigurationPlatforms) = postSolution
		{75238DF7-28EF-41E6-A53B-0F3BA0D0F214}.Debug|Any CPU.ActiveCfg = Debug|Any CPU
		{75238DF7-28EF-41E6-A53B-0F3BA0D0F214}.Debug|Any CPU.Build.0 = Debug|Any CPU
		{75238DF7-28EF-41E6-A53B-0F3BA0D0F214}.Release|Any CPU.ActiveCfg = Release|Any CPU
		{75238DF7-28EF-41E6-A53B-0F3BA0D0F214}.Release|Any CPU.Build.0 = Release|Any CPU
		{C6601471-7EC7-4FEE-903F-5A241B08BAAE}.Debug|Any CPU.ActiveCfg = Debug|Any CPU
		{C6601471-7EC7-4FEE-903F-5A241B08BAAE}.Debug|Any CPU.Build.0 = Debug|Any CPU
		{C6601471-7EC7-4FEE-903F-5A241B08BAAE}.Release|Any CPU.ActiveCfg = Release|Any CPU
		{C6601471-7EC7-4FEE-903F-5A241B08BAAE}.Release|Any CPU.Build.0 = Release|Any CPU
		{7C8CD631-D4C6-47D6-B0E8-DF20D820FDD9}.Debug|Any CPU.ActiveCfg = Debug|Any CPU
		{7C8CD631-D4C6-47D6-B0E8-DF20D820FDD9}.Debug|Any CPU.Build.0 = Debug|Any CPU
		{7C8CD631-D4C6-47D6-B0E8-DF20D820FDD9}.Release|Any CPU.ActiveCfg = Release|Any CPU
		{7C8CD631-D4C6-47D6-B0E8-DF20D820FDD9}.Release|Any CPU.Build.0 = Release|Any CPU
		{04B6AE69-6134-4D8C-8170-A6ED7E684ABB}.Debug|Any CPU.ActiveCfg = Debug|Any CPU
		{04B6AE69-6134-4D8C-8170-A6ED7E684ABB}.Debug|Any CPU.Build.0 = Debug|Any CPU
		{04B6AE69-6134-4D8C-8170-A6ED7E684ABB}.Release|Any CPU.ActiveCfg = Release|Any CPU
		{04B6AE69-6134-4D8C-8170-A6ED7E684ABB}.Release|Any CPU.Build.0 = Release|Any CPU
		{99D3294D-A90F-40DC-8B36-4051713C555B}.Debug|Any CPU.ActiveCfg = Debug|Any CPU
		{99D3294D-A90F-40DC-8B36-4051713C555B}.Debug|Any CPU.Build.0 = Debug|Any CPU
		{99D3294D-A90F-40DC-8B36-4051713C555B}.Release|Any CPU.ActiveCfg = Release|Any CPU
		{99D3294D-A90F-40DC-8B36-4051713C555B}.Release|Any CPU.Build.0 = Release|Any CPU
		{8807CD1D-1EAB-4B04-9893-6580046C5FFB}.Debug|Any CPU.ActiveCfg = Debug|Any CPU
		{8807CD1D-1EAB-4B04-9893-6580046C5FFB}.Debug|Any CPU.Build.0 = Debug|Any CPU
		{8807CD1D-1EAB-4B04-9893-6580046C5FFB}.Release|Any CPU.ActiveCfg = Release|Any CPU
		{8807CD1D-1EAB-4B04-9893-6580046C5FFB}.Release|Any CPU.Build.0 = Release|Any CPU
	EndGlobalSection
	GlobalSection(SolutionProperties) = preSolution
		HideSolutionNode = FALSE
	EndGlobalSection
	GlobalSection(ExtensibilityGlobals) = postSolution
		SolutionGuid = {91350F71-57D4-4173-B67B-0877FD9BEDD9}
	EndGlobalSection
EndGlobal
