
Microsoft Visual Studio Solution File, Format Version 12.00
# Visual Studio 15
VisualStudioVersion = 15.0.27130.2036
MinimumVisualStudioVersion = 10.0.40219.1
Project("{FAE04EC0-301F-11D3-BF4B-00C04F79EFBC}") = "Aula-2018-09-12", "Aula-2018-09-12\Aula-2018-09-12.csproj", "{75238DF7-28EF-41E6-A53B-0F3BA0D0F214}"
EndProject
Project("{FAE04EC0-301F-11D3-BF4B-00C04F79EFBC}") = "Aula-2018-09-18", "Aula-2018-09-18\Aula-2018-09-18.csproj", "{C6601471-7EC7-4FEE-903F-5A241B08BAAE}"
EndProject
Global
	GlobalSection(SolutionConfigurationPlatforms) = preSolution
		Debug|Any CPU = Debug|Any CPU
		Release|Any CPU = Release|Any CPU
	EndGlobalSection
	GlobalSection(ProjectConfigurationPlatforms) = postSolution
		{75238DF7-28EF-41E6-A53B-0F3BA0D0F214}.Debug|Any CPU.ActiveCfg = Debug|Any CPU
		{75238DF7-28EF-41E6-A53B-0F3BA0D0F214}.Debug|Any CPU.Build.0 = Debug|Any CPU
		{75238DF7-28EF-41E6-A53B-0F3BA0D0F214}.Release|Any CPU.ActiveCfg = Release|Any CPU
		{75238DF7-28EF-41E6-A53B-0F3BA0D0F214}.Release|Any CPU.Build.0 = Release|Any CPU
		{C6601471-7EC7-4FEE-903F-5A241B08BAAE}.Debug|Any CPU.ActiveCfg = Debug|Any CPU
		{C6601471-7EC7-4FEE-903F-5A241B08BAAE}.Debug|Any CPU.Build.0 = Debug|Any CPU
		{C6601471-7EC7-4FEE-903F-5A241B08BAAE}.Release|Any CPU.ActiveCfg = Release|Any CPU
		{C6601471-7EC7-4FEE-903F-5A241B08BAAE}.Release|Any CPU.Build.0 = Release|Any CPU
	EndGlobalSection
	GlobalSection(SolutionProperties) = preSolution
		HideSolutionNode = FALSE
	EndGlobalSection
	GlobalSection(ExtensibilityGlobals) = postSolution
		SolutionGuid = {91350F71-57D4-4173-B67B-0877FD9BEDD9}
	EndGlobalSection
EndGlobal
